# THIS IS AN AUTOGENERATED FILE. DO NOT EDIT THIS FILE DIRECTLY.
# yarn lockfile v1


pocketbase-jsvm@^0.25.10001:
  version "0.25.10001"
  resolved "https://registry.yarnpkg.com/pocketbase-jsvm/-/pocketbase-jsvm-0.25.10001.tgz#3625a6de334cb5700f18f8bf0eda4d234b5d3b66"
  integrity sha512-F8Jss51uzp4C6nHcR5PxmscXtKbrWJjqDF/u7cHIh2amnUILnfY/JD5tTzYoqn3rDe1CIrQOaalDzAZ3gdMz9w==
